
Microsoft Visual Studio Solution File, Format Version 12.00
# Visual Studio Version 16
VisualStudioVersion = 16.0.30011.22
MinimumVisualStudioVersion = 10.0.40219.1
Project("{FAE04EC0-301F-11D3-BF4B-00C04F79EFBC}") = "MobilityScm.Utilerias", "MobilityScm.Utilerias.csproj", "{1496F581-D39C-4400-B342-62BF1D3AEB8E}"
EndProject
Global
	GlobalSection(SolutionConfigurationPlatforms) = preSolution
		Debug|Any CPU = Debug|Any CPU
		Release|Any CPU = Release|Any CPU
	EndGlobalSection
	GlobalSection(ProjectConfigurationPlatforms) = postSolution
		{1496F581-D39C-4400-B342-62BF1D3AEB8E}.Debug|Any CPU.ActiveCfg = Debug|Any CPU
		{1496F581-D39C-4400-B342-62BF1D3AEB8E}.Debug|Any CPU.Build.0 = Debug|Any CPU
		{1496F581-D39C-4400-B342-62BF1D3AEB8E}.Release|Any CPU.ActiveCfg = Release|Any CPU
		{1496F581-D39C-4400-B342-62BF1D3AEB8E}.Release|Any CPU.Build.0 = Release|Any CPU
	EndGlobalSection
	GlobalSection(SolutionProperties) = preSolution
		HideSolutionNode = FALSE
	EndGlobalSection
	GlobalSection(ExtensibilityGlobals) = postSolution
		SolutionGuid = {99A3FD7F-C8D3-4799-9129-CF37D9D2C9BA}
	EndGlobalSection
EndGlobal
